
Microsoft Visual Studio Solution File, Format Version 12.00
# Visual Studio Version 16
VisualStudioVersion = 16.0.29209.62
MinimumVisualStudioVersion = 10.0.40219.1
Project("{FAE04EC0-301F-11D3-BF4B-00C04F79EFBC}") = "Lecture6Try", "Lecture6Try\Lecture6Try.csproj", "{F24C5BF3-4D67-4BD8-958B-450F6FC7EBA2}"
EndProject
Project("{FAE04EC0-301F-11D3-BF4B-00C04F79EFBC}") = "Lecture6Try2", "Lecture6Try2\Lecture6Try2.csproj", "{09108CA0-9DA8-450D-A7D5-C2207908292F}"
EndProject
Project("{FAE04EC0-301F-11D3-BF4B-00C04F79EFBC}") = "Lecture6Input", "Lecture6Input\Lecture6Input.csproj", "{636AAACC-C206-4FAC-8CBC-A3422B4B017E}"
EndProject
Project("{FAE04EC0-301F-11D3-BF4B-00C04F79EFBC}") = "HW6Lab1_Calculator", "HW6Lab1_Calculator\HW6Lab1_Calculator.csproj", "{A9264B32-D9EA-4938-BE36-931AAA1854DF}"
EndProject
Project("{FAE04EC0-301F-11D3-BF4B-00C04F79EFBC}") = "Lecture6Date", "Lecture6Date\Lecture6Date.csproj", "{4B078FC4-0460-4934-A57F-937615F652B5}"
EndProject
Project("{FAE04EC0-301F-11D3-BF4B-00C04F79EFBC}") = "Homework6Lab2", "Lecture6Fraction\Homework6Lab2.csproj", "{9AA3CA03-A5EE-467C-AA57-77ABB26FCF9E}"
EndProject
Global
	GlobalSection(SolutionConfigurationPlatforms) = preSolution
		Debug|Any CPU = Debug|Any CPU
		Release|Any CPU = Release|Any CPU
	EndGlobalSection
	GlobalSection(ProjectConfigurationPlatforms) = postSolution
		{F24C5BF3-4D67-4BD8-958B-450F6FC7EBA2}.Debug|Any CPU.ActiveCfg = Debug|Any CPU
		{F24C5BF3-4D67-4BD8-958B-450F6FC7EBA2}.Debug|Any CPU.Build.0 = Debug|Any CPU
		{F24C5BF3-4D67-4BD8-958B-450F6FC7EBA2}.Release|Any CPU.ActiveCfg = Release|Any CPU
		{F24C5BF3-4D67-4BD8-958B-450F6FC7EBA2}.Release|Any CPU.Build.0 = Release|Any CPU
		{09108CA0-9DA8-450D-A7D5-C2207908292F}.Debug|Any CPU.ActiveCfg = Debug|Any CPU
		{09108CA0-9DA8-450D-A7D5-C2207908292F}.Debug|Any CPU.Build.0 = Debug|Any CPU
		{09108CA0-9DA8-450D-A7D5-C2207908292F}.Release|Any CPU.ActiveCfg = Release|Any CPU
		{09108CA0-9DA8-450D-A7D5-C2207908292F}.Release|Any CPU.Build.0 = Release|Any CPU
		{636AAACC-C206-4FAC-8CBC-A3422B4B017E}.Debug|Any CPU.ActiveCfg = Debug|Any CPU
		{636AAACC-C206-4FAC-8CBC-A3422B4B017E}.Debug|Any CPU.Build.0 = Debug|Any CPU
		{636AAACC-C206-4FAC-8CBC-A3422B4B017E}.Release|Any CPU.ActiveCfg = Release|Any CPU
		{636AAACC-C206-4FAC-8CBC-A3422B4B017E}.Release|Any CPU.Build.0 = Release|Any CPU
		{A9264B32-D9EA-4938-BE36-931AAA1854DF}.Debug|Any CPU.ActiveCfg = Debug|Any CPU
		{A9264B32-D9EA-4938-BE36-931AAA1854DF}.Debug|Any CPU.Build.0 = Debug|Any CPU
		{A9264B32-D9EA-4938-BE36-931AAA1854DF}.Release|Any CPU.ActiveCfg = Release|Any CPU
		{A9264B32-D9EA-4938-BE36-931AAA1854DF}.Release|Any CPU.Build.0 = Release|Any CPU
		{4B078FC4-0460-4934-A57F-937615F652B5}.Debug|Any CPU.ActiveCfg = Debug|Any CPU
		{4B078FC4-0460-4934-A57F-937615F652B5}.Debug|Any CPU.Build.0 = Debug|Any CPU
		{4B078FC4-0460-4934-A57F-937615F652B5}.Release|Any CPU.ActiveCfg = Release|Any CPU
		{4B078FC4-0460-4934-A57F-937615F652B5}.Release|Any CPU.Build.0 = Release|Any CPU
		{9AA3CA03-A5EE-467C-AA57-77ABB26FCF9E}.Debug|Any CPU.ActiveCfg = Debug|Any CPU
		{9AA3CA03-A5EE-467C-AA57-77ABB26FCF9E}.Debug|Any CPU.Build.0 = Debug|Any CPU
		{9AA3CA03-A5EE-467C-AA57-77ABB26FCF9E}.Release|Any CPU.ActiveCfg = Release|Any CPU
		{9AA3CA03-A5EE-467C-AA57-77ABB26FCF9E}.Release|Any CPU.Build.0 = Release|Any CPU
	EndGlobalSection
	GlobalSection(SolutionProperties) = preSolution
		HideSolutionNode = FALSE
	EndGlobalSection
	GlobalSection(ExtensibilityGlobals) = postSolution
		SolutionGuid = {35542EF5-BB2E-4BF1-80BA-2AB0E5EF5144}
	EndGlobalSection
EndGlobal
