
Microsoft Visual Studio Solution File, Format Version 12.00
# Visual Studio Version 16
VisualStudioVersion = 16.0.29209.62
MinimumVisualStudioVersion = 10.0.40219.1
Project("{FAE04EC0-301F-11D3-BF4B-00C04F79EFBC}") = "Lecture12", "Lecture12.csproj", "{AEC9822B-4CEE-4E63-9BE6-51C8448DA050}"
EndProject
Project("{FAE04EC0-301F-11D3-BF4B-00C04F79EFBC}") = "Lecture12Lab1", "Lecture12Lab1\Lecture12Lab1.csproj", "{FF9EA235-F75C-44F4-A726-238243332C60}"
EndProject
Project("{FAE04EC0-301F-11D3-BF4B-00C04F79EFBC}") = "Lecture12Lab2", "Lecture12Lab2\Lecture12Lab2.csproj", "{A491D4F4-824A-4E76-B232-4DF41650E8A5}"
EndProject
Global
	GlobalSection(SolutionConfigurationPlatforms) = preSolution
		Debug|Any CPU = Debug|Any CPU
		Release|Any CPU = Release|Any CPU
	EndGlobalSection
	GlobalSection(ProjectConfigurationPlatforms) = postSolution
		{AEC9822B-4CEE-4E63-9BE6-51C8448DA050}.Debug|Any CPU.ActiveCfg = Debug|Any CPU
		{AEC9822B-4CEE-4E63-9BE6-51C8448DA050}.Debug|Any CPU.Build.0 = Debug|Any CPU
		{AEC9822B-4CEE-4E63-9BE6-51C8448DA050}.Release|Any CPU.ActiveCfg = Release|Any CPU
		{AEC9822B-4CEE-4E63-9BE6-51C8448DA050}.Release|Any CPU.Build.0 = Release|Any CPU
		{FF9EA235-F75C-44F4-A726-238243332C60}.Debug|Any CPU.ActiveCfg = Debug|Any CPU
		{FF9EA235-F75C-44F4-A726-238243332C60}.Debug|Any CPU.Build.0 = Debug|Any CPU
		{FF9EA235-F75C-44F4-A726-238243332C60}.Release|Any CPU.ActiveCfg = Release|Any CPU
		{FF9EA235-F75C-44F4-A726-238243332C60}.Release|Any CPU.Build.0 = Release|Any CPU
		{A491D4F4-824A-4E76-B232-4DF41650E8A5}.Debug|Any CPU.ActiveCfg = Debug|Any CPU
		{A491D4F4-824A-4E76-B232-4DF41650E8A5}.Debug|Any CPU.Build.0 = Debug|Any CPU
		{A491D4F4-824A-4E76-B232-4DF41650E8A5}.Release|Any CPU.ActiveCfg = Release|Any CPU
		{A491D4F4-824A-4E76-B232-4DF41650E8A5}.Release|Any CPU.Build.0 = Release|Any CPU
	EndGlobalSection
	GlobalSection(SolutionProperties) = preSolution
		HideSolutionNode = FALSE
	EndGlobalSection
	GlobalSection(ExtensibilityGlobals) = postSolution
		SolutionGuid = {D46BBA49-7605-40DF-B8EC-802E9F674E61}
	EndGlobalSection
EndGlobal
