
Microsoft Visual Studio Solution File, Format Version 12.00
# Visual Studio Version 16
VisualStudioVersion = 16.0.29209.62
MinimumVisualStudioVersion = 10.0.40219.1
Project("{FAE04EC0-301F-11D3-BF4B-00C04F79EFBC}") = "Homework10", "Homework10.csproj", "{3F273BD9-2B05-4AF4-900D-CFB80DD17BBB}"
EndProject
Global
	GlobalSection(SolutionConfigurationPlatforms) = preSolution
		Debug|Any CPU = Debug|Any CPU
		Release|Any CPU = Release|Any CPU
	EndGlobalSection
	GlobalSection(ProjectConfigurationPlatforms) = postSolution
		{3F273BD9-2B05-4AF4-900D-CFB80DD17BBB}.Debug|Any CPU.ActiveCfg = Debug|Any CPU
		{3F273BD9-2B05-4AF4-900D-CFB80DD17BBB}.Debug|Any CPU.Build.0 = Debug|Any CPU
		{3F273BD9-2B05-4AF4-900D-CFB80DD17BBB}.Release|Any CPU.ActiveCfg = Release|Any CPU
		{3F273BD9-2B05-4AF4-900D-CFB80DD17BBB}.Release|Any CPU.Build.0 = Release|Any CPU
	EndGlobalSection
	GlobalSection(SolutionProperties) = preSolution
		HideSolutionNode = FALSE
	EndGlobalSection
	GlobalSection(ExtensibilityGlobals) = postSolution
		SolutionGuid = {6CC24897-87E5-47CA-8AB1-18F60F33C3BD}
	EndGlobalSection
EndGlobal
