
Microsoft Visual Studio Solution File, Format Version 12.00
# Visual Studio Version 16
VisualStudioVersion = 16.0.29209.62
MinimumVisualStudioVersion = 10.0.40219.1
Project("{FAE04EC0-301F-11D3-BF4B-00C04F79EFBC}") = "MidtermExtraCredit", "MidtermExtraCredit.csproj", "{64B95FC4-A9D3-40F3-9706-FA1A3B5738C9}"
EndProject
Global
	GlobalSection(SolutionConfigurationPlatforms) = preSolution
		Debug|Any CPU = Debug|Any CPU
		Release|Any CPU = Release|Any CPU
	EndGlobalSection
	GlobalSection(ProjectConfigurationPlatforms) = postSolution
		{64B95FC4-A9D3-40F3-9706-FA1A3B5738C9}.Debug|Any CPU.ActiveCfg = Debug|Any CPU
		{64B95FC4-A9D3-40F3-9706-FA1A3B5738C9}.Debug|Any CPU.Build.0 = Debug|Any CPU
		{64B95FC4-A9D3-40F3-9706-FA1A3B5738C9}.Release|Any CPU.ActiveCfg = Release|Any CPU
		{64B95FC4-A9D3-40F3-9706-FA1A3B5738C9}.Release|Any CPU.Build.0 = Release|Any CPU
	EndGlobalSection
	GlobalSection(SolutionProperties) = preSolution
		HideSolutionNode = FALSE
	EndGlobalSection
	GlobalSection(ExtensibilityGlobals) = postSolution
		SolutionGuid = {E522220D-71CD-4BD6-8FBA-47ABB8F16E16}
	EndGlobalSection
EndGlobal
