
Microsoft Visual Studio Solution File, Format Version 12.00
# Visual Studio Version 16
VisualStudioVersion = 16.0.29209.62
MinimumVisualStudioVersion = 10.0.40219.1
Project("{FAE04EC0-301F-11D3-BF4B-00C04F79EFBC}") = "Lecture3Lab3", "Lecture3Lab3.csproj", "{1D3736BF-172C-4DEB-92DA-9351B6305A6A}"
EndProject
Global
	GlobalSection(SolutionConfigurationPlatforms) = preSolution
		Debug|Any CPU = Debug|Any CPU
		Release|Any CPU = Release|Any CPU
	EndGlobalSection
	GlobalSection(ProjectConfigurationPlatforms) = postSolution
		{1D3736BF-172C-4DEB-92DA-9351B6305A6A}.Debug|Any CPU.ActiveCfg = Debug|Any CPU
		{1D3736BF-172C-4DEB-92DA-9351B6305A6A}.Debug|Any CPU.Build.0 = Debug|Any CPU
		{1D3736BF-172C-4DEB-92DA-9351B6305A6A}.Release|Any CPU.ActiveCfg = Release|Any CPU
		{1D3736BF-172C-4DEB-92DA-9351B6305A6A}.Release|Any CPU.Build.0 = Release|Any CPU
	EndGlobalSection
	GlobalSection(SolutionProperties) = preSolution
		HideSolutionNode = FALSE
	EndGlobalSection
	GlobalSection(ExtensibilityGlobals) = postSolution
		SolutionGuid = {DEB99490-6D78-4491-8F54-F887C8B60B92}
	EndGlobalSection
EndGlobal
