
Microsoft Visual Studio Solution File, Format Version 12.00
# Visual Studio Version 16
VisualStudioVersion = 16.0.29209.62
MinimumVisualStudioVersion = 10.0.40219.1
Project("{FAE04EC0-301F-11D3-BF4B-00C04F79EFBC}") = "Lecture14Lab1_NuGet", "Lecture14Lab1_NuGet.csproj", "{1F00D780-93E5-4106-8CBA-C6E8F00668F3}"
EndProject
Global
	GlobalSection(SolutionConfigurationPlatforms) = preSolution
		Debug|Any CPU = Debug|Any CPU
		Release|Any CPU = Release|Any CPU
	EndGlobalSection
	GlobalSection(ProjectConfigurationPlatforms) = postSolution
		{1F00D780-93E5-4106-8CBA-C6E8F00668F3}.Debug|Any CPU.ActiveCfg = Debug|Any CPU
		{1F00D780-93E5-4106-8CBA-C6E8F00668F3}.Debug|Any CPU.Build.0 = Debug|Any CPU
		{1F00D780-93E5-4106-8CBA-C6E8F00668F3}.Release|Any CPU.ActiveCfg = Release|Any CPU
		{1F00D780-93E5-4106-8CBA-C6E8F00668F3}.Release|Any CPU.Build.0 = Release|Any CPU
	EndGlobalSection
	GlobalSection(SolutionProperties) = preSolution
		HideSolutionNode = FALSE
	EndGlobalSection
	GlobalSection(ExtensibilityGlobals) = postSolution
		SolutionGuid = {F690AD89-3D83-4927-9E12-007CF678179B}
	EndGlobalSection
EndGlobal
