
Microsoft Visual Studio Solution File, Format Version 12.00
# Visual Studio Version 16
VisualStudioVersion = 16.0.29209.62
MinimumVisualStudioVersion = 10.0.40219.1
Project("{FAE04EC0-301F-11D3-BF4B-00C04F79EFBC}") = "Homework7Project1", "Homework7Project1\Homework7Project1.csproj", "{B028793A-87CE-4D32-ADAC-221C3C33D834}"
EndProject
Project("{FAE04EC0-301F-11D3-BF4B-00C04F79EFBC}") = "Homework7Project2", "Homework7Project2\Homework7Project2.csproj", "{93F066EC-3E25-4440-9F18-94FCCD3DD6B9}"
EndProject
Global
	GlobalSection(SolutionConfigurationPlatforms) = preSolution
		Debug|Any CPU = Debug|Any CPU
		Release|Any CPU = Release|Any CPU
	EndGlobalSection
	GlobalSection(ProjectConfigurationPlatforms) = postSolution
		{B028793A-87CE-4D32-ADAC-221C3C33D834}.Debug|Any CPU.ActiveCfg = Debug|Any CPU
		{B028793A-87CE-4D32-ADAC-221C3C33D834}.Debug|Any CPU.Build.0 = Debug|Any CPU
		{B028793A-87CE-4D32-ADAC-221C3C33D834}.Release|Any CPU.ActiveCfg = Release|Any CPU
		{B028793A-87CE-4D32-ADAC-221C3C33D834}.Release|Any CPU.Build.0 = Release|Any CPU
		{93F066EC-3E25-4440-9F18-94FCCD3DD6B9}.Debug|Any CPU.ActiveCfg = Debug|Any CPU
		{93F066EC-3E25-4440-9F18-94FCCD3DD6B9}.Debug|Any CPU.Build.0 = Debug|Any CPU
		{93F066EC-3E25-4440-9F18-94FCCD3DD6B9}.Release|Any CPU.ActiveCfg = Release|Any CPU
		{93F066EC-3E25-4440-9F18-94FCCD3DD6B9}.Release|Any CPU.Build.0 = Release|Any CPU
	EndGlobalSection
	GlobalSection(SolutionProperties) = preSolution
		HideSolutionNode = FALSE
	EndGlobalSection
	GlobalSection(ExtensibilityGlobals) = postSolution
		SolutionGuid = {D4CEE082-9F6D-4FF4-BFD6-FC12E2191E61}
	EndGlobalSection
EndGlobal
