
Microsoft Visual Studio Solution File, Format Version 12.00
# Visual Studio Version 16
VisualStudioVersion = 16.0.29209.62
MinimumVisualStudioVersion = 10.0.40219.1
Project("{FAE04EC0-301F-11D3-BF4B-00C04F79EFBC}") = "Homework4Project1", "Homework4Project1\Homework4Project1.csproj", "{98741595-0021-4E25-9FD0-F2457F28AE31}"
EndProject
Project("{FAE04EC0-301F-11D3-BF4B-00C04F79EFBC}") = "Homework4Project2", "Homework4Project2\Homework4Project2.csproj", "{533A3499-0CBC-417F-885C-B3B00F7F5E8C}"
EndProject
Global
	GlobalSection(SolutionConfigurationPlatforms) = preSolution
		Debug|Any CPU = Debug|Any CPU
		Release|Any CPU = Release|Any CPU
	EndGlobalSection
	GlobalSection(ProjectConfigurationPlatforms) = postSolution
		{98741595-0021-4E25-9FD0-F2457F28AE31}.Debug|Any CPU.ActiveCfg = Debug|Any CPU
		{98741595-0021-4E25-9FD0-F2457F28AE31}.Debug|Any CPU.Build.0 = Debug|Any CPU
		{98741595-0021-4E25-9FD0-F2457F28AE31}.Release|Any CPU.ActiveCfg = Release|Any CPU
		{98741595-0021-4E25-9FD0-F2457F28AE31}.Release|Any CPU.Build.0 = Release|Any CPU
		{533A3499-0CBC-417F-885C-B3B00F7F5E8C}.Debug|Any CPU.ActiveCfg = Debug|Any CPU
		{533A3499-0CBC-417F-885C-B3B00F7F5E8C}.Debug|Any CPU.Build.0 = Debug|Any CPU
		{533A3499-0CBC-417F-885C-B3B00F7F5E8C}.Release|Any CPU.ActiveCfg = Release|Any CPU
		{533A3499-0CBC-417F-885C-B3B00F7F5E8C}.Release|Any CPU.Build.0 = Release|Any CPU
	EndGlobalSection
	GlobalSection(SolutionProperties) = preSolution
		HideSolutionNode = FALSE
	EndGlobalSection
	GlobalSection(ExtensibilityGlobals) = postSolution
		SolutionGuid = {8276431C-10AF-4852-80F5-D5C6F54AD227}
	EndGlobalSection
EndGlobal
