
Microsoft Visual Studio Solution File, Format Version 12.00
# Visual Studio Version 16
VisualStudioVersion = 16.0.29209.62
MinimumVisualStudioVersion = 10.0.40219.1
Project("{FAE04EC0-301F-11D3-BF4B-00C04F79EFBC}") = "Lecture6Lab6_Try2", "Lecture6Lab6_Try2.csproj", "{A0B1EE5E-00E4-4EDE-A31B-4A3FFB9E71A2}"
EndProject
Global
	GlobalSection(SolutionConfigurationPlatforms) = preSolution
		Debug|Any CPU = Debug|Any CPU
		Release|Any CPU = Release|Any CPU
	EndGlobalSection
	GlobalSection(ProjectConfigurationPlatforms) = postSolution
		{A0B1EE5E-00E4-4EDE-A31B-4A3FFB9E71A2}.Debug|Any CPU.ActiveCfg = Debug|Any CPU
		{A0B1EE5E-00E4-4EDE-A31B-4A3FFB9E71A2}.Debug|Any CPU.Build.0 = Debug|Any CPU
		{A0B1EE5E-00E4-4EDE-A31B-4A3FFB9E71A2}.Release|Any CPU.ActiveCfg = Release|Any CPU
		{A0B1EE5E-00E4-4EDE-A31B-4A3FFB9E71A2}.Release|Any CPU.Build.0 = Release|Any CPU
	EndGlobalSection
	GlobalSection(SolutionProperties) = preSolution
		HideSolutionNode = FALSE
	EndGlobalSection
	GlobalSection(ExtensibilityGlobals) = postSolution
		SolutionGuid = {8D98F38E-0F87-4CE9-BAEE-D33D27FD933D}
	EndGlobalSection
EndGlobal
