
Microsoft Visual Studio Solution File, Format Version 12.00
# Visual Studio Version 16
VisualStudioVersion = 16.0.29209.62
MinimumVisualStudioVersion = 10.0.40219.1
Project("{FAE04EC0-301F-11D3-BF4B-00C04F79EFBC}") = "Homework2Part2", "Homework2Part2\Homework2Part2.csproj", "{DCB0E57E-0D22-4B0C-9661-6AF7A6B357BF}"
EndProject
Project("{FAE04EC0-301F-11D3-BF4B-00C04F79EFBC}") = "Lecture3Lab1", "..\..\Lecture3Lab1\Lecture3Lab1.csproj", "{6805E752-3241-4912-B07C-B96A90ED12DF}"
EndProject
Global
	GlobalSection(SolutionConfigurationPlatforms) = preSolution
		Debug|Any CPU = Debug|Any CPU
		Release|Any CPU = Release|Any CPU
	EndGlobalSection
	GlobalSection(ProjectConfigurationPlatforms) = postSolution
		{DCB0E57E-0D22-4B0C-9661-6AF7A6B357BF}.Debug|Any CPU.ActiveCfg = Debug|Any CPU
		{DCB0E57E-0D22-4B0C-9661-6AF7A6B357BF}.Debug|Any CPU.Build.0 = Debug|Any CPU
		{DCB0E57E-0D22-4B0C-9661-6AF7A6B357BF}.Release|Any CPU.ActiveCfg = Release|Any CPU
		{DCB0E57E-0D22-4B0C-9661-6AF7A6B357BF}.Release|Any CPU.Build.0 = Release|Any CPU
		{6805E752-3241-4912-B07C-B96A90ED12DF}.Debug|Any CPU.ActiveCfg = Debug|Any CPU
		{6805E752-3241-4912-B07C-B96A90ED12DF}.Debug|Any CPU.Build.0 = Debug|Any CPU
		{6805E752-3241-4912-B07C-B96A90ED12DF}.Release|Any CPU.ActiveCfg = Release|Any CPU
		{6805E752-3241-4912-B07C-B96A90ED12DF}.Release|Any CPU.Build.0 = Release|Any CPU
	EndGlobalSection
	GlobalSection(SolutionProperties) = preSolution
		HideSolutionNode = FALSE
	EndGlobalSection
	GlobalSection(ExtensibilityGlobals) = postSolution
		SolutionGuid = {F236B2A1-8AC2-4550-AFC6-3E98A8F41EC4}
	EndGlobalSection
EndGlobal
